// !$*UTF8*$!
{
	archiveVersion = 1;
	classes = {
	};
	objectVersion = 46;
	objects = {

/* Begin PBXBuildFile section */
		B669A9861E66915800F7CD39 /* AppDelegate.swift in Sources */ = {isa = PBXBuildFile; fileRef = B669A9851E66915800F7CD39 /* AppDelegate.swift */; };
		B669A9881E66915800F7CD39 /* ViewController.swift in Sources */ = {isa = PBXBuildFile; fileRef = B669A9871E66915800F7CD39 /* ViewController.swift */; };
		B669A98B1E66915800F7CD39 /* Main.storyboard in Resources */ = {isa = PBXBuildFile; fileRef = B669A9891E66915800F7CD39 /* Main.storyboard */; };
		B669A98D1E66915800F7CD39 /* Assets.xcassets in Resources */ = {isa = PBXBuildFile; fileRef = B669A98C1E66915800F7CD39 /* Assets.xcassets */; };
		B669A9901E66915800F7CD39 /* LaunchScreen.storyboard in Resources */ = {isa = PBXBuildFile; fileRef = B669A98E1E66915800F7CD39 /* LaunchScreen.storyboard */; };
		B669A99B1E66915800F7CD39 /* TipCalTests.swift in Sources */ = {isa = PBXBuildFile; fileRef = B669A99A1E66915800F7CD39 /* TipCalTests.swift */; };
		B669A9A61E66915800F7CD39 /* TipCalUITests.swift in Sources */ = {isa = PBXBuildFile; fileRef = B669A9A51E66915800F7CD39 /* TipCalUITests.swift */; };
/* End PBXBuildFile section */

/* Begin PBXContainerItemProxy section */
		B669A9971E66915800F7CD39 /* PBXContainerItemProxy */ = {
			isa = PBXContainerItemProxy;
			containerPortal = B669A97A1E66915700F7CD39 /* Project object */;
			proxyType = 1;
			remoteGlobalIDString = B669A9811E66915800F7CD39;
			remoteInfo = TipCal;
		};
		B669A9A21E66915800F7CD39 /* PBXContainerItemProxy */ = {
			isa = PBXContainerItemProxy;
			containerPortal = B669A97A1E66915700F7CD39 /* Project object */;
			proxyType = 1;
			remoteGlobalIDString = B669A9811E66915800F7CD39;
			remoteInfo = TipCal;
		};
/* End PBXContainerItemProxy section */

/* Begin PBXFileReference section */
		B669A9821E66915800F7CD39 /* TipCal.app */ = {isa = PBXFileReference; explicitFileType = wrapper.application; includeInIndex = 0; path = TipCal.app; sourceTree = BUILT_PRODUCTS_DIR; };
		B669A9851E66915800F7CD39 /* AppDelegate.swift */ = {isa = PBXFileReference; lastKnownFileType = sourcecode.swift; path = AppDelegate.swift; sourceTree = "<group>"; };
		B669A9871E66915800F7CD39 /* ViewController.swift */ = {isa = PBXFileReference; lastKnownFileType = sourcecode.swift; path = ViewController.swift; sourceTree = "<group>"; };
		B669A98A1E66915800F7CD39 /* Base */ = {isa = PBXFileReference; lastKnownFileType = file.storyboard; name = Base; path = Base.lproj/Main.storyboard; sourceTree = "<group>"; };
		B669A98C1E66915800F7CD39 /* Assets.xcassets */ = {isa = PBXFileReference; lastKnownFileType = folder.assetcatalog; path = Assets.xcassets; sourceTree = "<group>"; };
		B669A98F1E66915800F7CD39 /* Base */ = {isa = PBXFileReference; lastKnownFileType = file.storyboard; name = Base; path = Base.lproj/LaunchScreen.storyboard; sourceTree = "<group>"; };
		B669A9911E66915800F7CD39 /* Info.plist */ = {isa = PBXFileReference; lastKnownFileType = text.plist.xml; path = Info.plist; sourceTree = "<group>"; };
		B669A9961E66915800F7CD39 /* TipCalTests.xctest */ = {isa = PBXFileReference; explicitFileType = wrapper.cfbundle; includeInIndex = 0; path = TipCalTests.xctest; sourceTree = BUILT_PRODUCTS_DIR; };
		B669A99A1E66915800F7CD39 /* TipCalTests.swift */ = {isa = PBXFileReference; lastKnownFileType = sourcecode.swift; path = TipCalTests.swift; sourceTree = "<group>"; };
		B669A99C1E66915800F7CD39 /* Info.plist */ = {isa = PBXFileReference; lastKnownFileType = text.plist.xml; path = Info.plist; sourceTree = "<group>"; };
		B669A9A11E66915800F7CD39 /* TipCalUITests.xctest */ = {isa = PBXFileReference; explicitFileType = wrapper.cfbundle; includeInIndex = 0; path = TipCalUITests.xctest; sourceTree = BUILT_PRODUCTS_DIR; };
		B669A9A51E66915800F7CD39 /* TipCalUITests.swift */ = {isa = PBXFileReference; lastKnownFileType = sourcecode.swift; path = TipCalUITests.swift; sourceTree = "<group>"; };
		B669A9A71E66915800F7CD39 /* Info.plist */ = {isa = PBXFileReference; lastKnownFileType = text.plist.xml; path = Info.plist; sourceTree = "<group>"; };
/* End PBXFileReference section */

/* Begin PBXFrameworksBuildPhase section */
		B669A97F1E66915800F7CD39 /* Frameworks */ = {
			isa = PBXFrameworksBuildPhase;
			buildActionMask = 2147483647;
			files = (
			);
			runOnlyForDeploymentPostprocessing = 0;
		};
		B669A9931E66915800F7CD39 /* Frameworks */ = {
			isa = PBXFrameworksBuildPhase;
			buildActionMask = 2147483647;
			files = (
			);
			runOnlyForDeploymentPostprocessing = 0;
		};
		B669A99E1E66915800F7CD39 /* Frameworks */ = {
			isa = PBXFrameworksBuildPhase;
			buildActionMask = 2147483647;
			files = (
			);
			runOnlyForDeploymentPostprocessing = 0;
		};
/* End PBXFrameworksBuildPhase section */

/* Begin PBXGroup section */
		B669A9791E66915700F7CD39 = {
			isa = PBXGroup;
			children = (
				B669A9841E66915800F7CD39 /* TipCal */,
				B669A9991E66915800F7CD39 /* TipCalTests */,
				B669A9A41E66915800F7CD39 /* TipCalUITests */,
				B669A9831E66915800F7CD39 /* Products */,
			);
			sourceTree = "<group>";
		};
		B669A9831E66915800F7CD39 /* Products */ = {
			isa = PBXGroup;
			children = (
				B669A9821E66915800F7CD39 /* TipCal.app */,
				B669A9961E66915800F7CD39 /* TipCalTests.xctest */,
				B669A9A11E66915800F7CD39 /* TipCalUITests.xctest */,
			);
			name = Products;
			sourceTree = "<group>";
		};
		B669A9841E66915800F7CD39 /* TipCal */ = {
			isa = PBXGroup;
			children = (
				B669A9851E66915800F7CD39 /* AppDelegate.swift */,
				B669A9871E66915800F7CD39 /* ViewController.swift */,
				B669A9891E66915800F7CD39 /* Main.storyboard */,
				B669A98C1E66915800F7CD39 /* Assets.xcassets */,
				B669A98E1E66915800F7CD39 /* LaunchScreen.storyboard */,
				B669A9911E66915800F7CD39 /* Info.plist */,
			);
			path = TipCal;
			sourceTree = "<group>";
		};
		B669A9991E66915800F7CD39 /* TipCalTests */ = {
			isa = PBXGroup;
			children = (
				B669A99A1E66915800F7CD39 /* TipCalTests.swift */,
				B669A99C1E66915800F7CD39 /* Info.plist */,
			);
			path = TipCalTests;
			sourceTree = "<group>";
		};
		B669A9A41E66915800F7CD39 /* TipCalUITests */ = {
			isa = PBXGroup;
			children = (
				B669A9A51E66915800F7CD39 /* TipCalUITests.swift */,
				B669A9A71E66915800F7CD39 /* Info.plist */,
			);
			path = TipCalUITests;
			sourceTree = "<group>";
		};
/* End PBXGroup section */

/* Begin PBXNativeTarget section */
		B669A9811E66915800F7CD39 /* TipCal */ = {
			isa = PBXNativeTarget;
			buildConfigurationList = B669A9AA1E66915800F7CD39 /* Build configuration list for PBXNativeTarget "TipCal" */;
			buildPhases = (
				B669A97E1E66915800F7CD39 /* Sources */,
				B669A97F1E66915800F7CD39 /* Frameworks */,
				B669A9801E66915800F7CD39 /* Resources */,
			);
			buildRules = (
			);
			dependencies = (
			);
			name = TipCal;
			productName = TipCal;
			productReference = B669A9821E66915800F7CD39 /* TipCal.app */;
			productType = "com.apple.product-type.application";
		};
		B669A9951E66915800F7CD39 /* TipCalTests */ = {
			isa = PBXNativeTarget;
			buildConfigurationList = B669A9AD1E66915800F7CD39 /* Build configuration list for PBXNativeTarget "TipCalTests" */;
			buildPhases = (
				B669A9921E66915800F7CD39 /* Sources */,
				B669A9931E66915800F7CD39 /* Frameworks */,
				B669A9941E66915800F7CD39 /* Resources */,
			);
			buildRules = (
			);
			dependencies = (
				B669A9981E66915800F7CD39 /* PBXTargetDependency */,
			);
			name = TipCalTests;
			productName = TipCalTests;
			productReference = B669A9961E66915800F7CD39 /* TipCalTests.xctest */;
			productType = "com.apple.product-type.bundle.unit-test";
		};
		B669A9A01E66915800F7CD39 /* TipCalUITests */ = {
			isa = PBXNativeTarget;
			buildConfigurationList = B669A9B01E66915800F7CD39 /* Build configuration list for PBXNativeTarget "TipCalUITests" */;
			buildPhases = (
				B669A99D1E66915800F7CD39 /* Sources */,
				B669A99E1E66915800F7CD39 /* Frameworks */,
				B669A99F1E66915800F7CD39 /* Resources */,
			);
			buildRules = (
			);
			dependencies = (
				B669A9A31E66915800F7CD39 /* PBXTargetDependency */,
			);
			name = TipCalUITests;
			productName = TipCalUITests;
			productReference = B669A9A11E66915800F7CD39 /* TipCalUITests.xctest */;
			productType = "com.apple.product-type.bundle.ui-testing";
		};
/* End PBXNativeTarget section */

/* Begin PBXProject section */
		B669A97A1E66915700F7CD39 /* Project object */ = {
			isa = PBXProject;
			attributes = {
				LastSwiftUpdateCheck = 0820;
				LastUpgradeCheck = 0820;
				ORGANIZATIONNAME = "Agnes Sun";
				TargetAttributes = {
					B669A9811E66915800F7CD39 = {
						CreatedOnToolsVersion = 8.2.1;
						DevelopmentTeam = 6Z935EUAZT;
						ProvisioningStyle = Automatic;
					};
					B669A9951E66915800F7CD39 = {
						CreatedOnToolsVersion = 8.2.1;
						DevelopmentTeam = 6Z935EUAZT;
						ProvisioningStyle = Automatic;
						TestTargetID = B669A9811E66915800F7CD39;
					};
					B669A9A01E66915800F7CD39 = {
						CreatedOnToolsVersion = 8.2.1;
						DevelopmentTeam = 6Z935EUAZT;
						ProvisioningStyle = Automatic;
						TestTargetID = B669A9811E66915800F7CD39;
					};
				};
			};
			buildConfigurationList = B669A97D1E66915700F7CD39 /* Build configuration list for PBXProject "TipCal" */;
			compatibilityVersion = "Xcode 3.2";
			developmentRegion = English;
			hasScannedForEncodings = 0;
			knownRegions = (
				en,
				Base,
			);
			mainGroup = B669A9791E66915700F7CD39;
			productRefGroup = B669A9831E66915800F7CD39 /* Products */;
			projectDirPath = "";
			projectRoot = "";
			targets = (
				B669A9811E66915800F7CD39 /* TipCal */,
				B669A9951E66915800F7CD39 /* TipCalTests */,
				B669A9A01E66915800F7CD39 /* TipCalUITests */,
			);
		};
/* End PBXProject section */

/* Begin PBXResourcesBuildPhase section */
		B669A9801E66915800F7CD39 /* Resources */ = {
			isa = PBXResourcesBuildPhase;
			buildActionMask = 2147483647;
			files = (
				B669A9901E66915800F7CD39 /* LaunchScreen.storyboard in Resources */,
				B669A98D1E66915800F7CD39 /* Assets.xcassets in Resources */,
				B669A98B1E66915800F7CD39 /* Main.storyboard in Resources */,
			);
			runOnlyForDeploymentPostprocessing = 0;
		};
		B669A9941E66915800F7CD39 /* Resources */ = {
			isa = PBXResourcesBuildPhase;
			buildActionMask = 2147483647;
			files = (
			);
			runOnlyForDeploymentPostprocessing = 0;
		};
		B669A99F1E66915800F7CD39 /* Resources */ = {
			isa = PBXResourcesBuildPhase;
			buildActionMask = 2147483647;
			files = (
			);
			runOnlyForDeploymentPostprocessing = 0;
		};
/* End PBXResourcesBuildPhase section */

/* Begin PBXSourcesBuildPhase section */
		B669A97E1E66915800F7CD39 /* Sources */ = {
			isa = PBXSourcesBuildPhase;
			buildActionMask = 2147483647;
			files = (
				B669A9881E66915800F7CD39 /* ViewController.swift in Sources */,
				B669A9861E66915800F7CD39 /* AppDelegate.swift in Sources */,
			);
			runOnlyForDeploymentPostprocessing = 0;
		};
		B669A9921E66915800F7CD39 /* Sources */ = {
			isa = PBXSourcesBuildPhase;
			buildActionMask = 2147483647;
			files = (
				B669A99B1E66915800F7CD39 /* TipCalTests.swift in Sources */,
			);
			runOnlyForDeploymentPostprocessing = 0;
		};
		B669A99D1E66915800F7CD39 /* Sources */ = {
			isa = PBXSourcesBuildPhase;
			buildActionMask = 2147483647;
			files = (
				B669A9A61E66915800F7CD39 /* TipCalUITests.swift in Sources */,
			);
			runOnlyForDeploymentPostprocessing = 0;
		};
/* End PBXSourcesBuildPhase section */

/* Begin PBXTargetDependency section */
		B669A9981E66915800F7CD39 /* PBXTargetDependency */ = {
			isa = PBXTargetDependency;
			target = B669A9811E66915800F7CD39 /* TipCal */;
			targetProxy = B669A9971E66915800F7CD39 /* PBXContainerItemProxy */;
		};
		B669A9A31E66915800F7CD39 /* PBXTargetDependency */ = {
			isa = PBXTargetDependency;
			target = B669A9811E66915800F7CD39 /* TipCal */;
			targetProxy = B669A9A21E66915800F7CD39 /* PBXContainerItemProxy */;
		};
/* End PBXTargetDependency section */

/* Begin PBXVariantGroup section */
		B669A9891E66915800F7CD39 /* Main.storyboard */ = {
			isa = PBXVariantGroup;
			children = (
				B669A98A1E66915800F7CD39 /* Base */,
			);
			name = Main.storyboard;
			sourceTree = "<group>";
		};
		B669A98E1E66915800F7CD39 /* LaunchScreen.storyboard */ = {
			isa = PBXVariantGroup;
			children = (
				B669A98F1E66915800F7CD39 /* Base */,
			);
			name = LaunchScreen.storyboard;
			sourceTree = "<group>";
		};
/* End PBXVariantGroup section */

/* Begin XCBuildConfiguration section */
		B669A9A81E66915800F7CD39 /* Debug */ = {
			isa = XCBuildConfiguration;
			buildSettings = {
				ALWAYS_SEARCH_USER_PATHS = NO;
				CLANG_ANALYZER_NONNULL = YES;
				CLANG_CXX_LANGUAGE_STANDARD = "gnu++0x";
				CLANG_CXX_LIBRARY = "libc++";
				CLANG_ENABLE_MODULES = YES;
				CLANG_ENABLE_OBJC_ARC = YES;
				CLANG_WARN_BOOL_CONVERSION = YES;
				CLANG_WARN_CONSTANT_CONVERSION = YES;
				CLANG_WARN_DIRECT_OBJC_ISA_USAGE = YES_ERROR;
				CLANG_WARN_DOCUMENTATION_COMMENTS = YES;
				CLANG_WARN_EMPTY_BODY = YES;
				CLANG_WARN_ENUM_CONVERSION = YES;
				CLANG_WARN_INFINITE_RECURSION = YES;
				CLANG_WARN_INT_CONVERSION = YES;
				CLANG_WARN_OBJC_ROOT_CLASS = YES_ERROR;
				CLANG_WARN_SUSPICIOUS_MOVE = YES;
				CLANG_WARN_UNREACHABLE_CODE = YES;
				CLANG_WARN__DUPLICATE_METHOD_MATCH = YES;
				"CODE_SIGN_IDENTITY[sdk=iphoneos*]" = "iPhone Developer";
				COPY_PHASE_STRIP = NO;
				DEBUG_INFORMATION_FORMAT = dwarf;
				ENABLE_STRICT_OBJC_MSGSEND = YES;
				ENABLE_TESTABILITY = YES;
				GCC_C_LANGUAGE_STANDARD = gnu99;
				GCC_DYNAMIC_NO_PIC = NO;
				GCC_NO_COMMON_BLOCKS = YES;
				GCC_OPTIMIZATION_LEVEL = 0;
				GCC_PREPROCESSOR_DEFINITIONS = (
					"DEBUG=1",
					"$(inherited)",
				);
				GCC_WARN_64_TO_32_BIT_CONVERSION = YES;
				GCC_WARN_ABOUT_RETURN_TYPE = YES_ERROR;
				GCC_WARN_UNDECLARED_SELECTOR = YES;
				GCC_WARN_UNINITIALIZED_AUTOS = YES_AGGRESSIVE;
				GCC_WARN_UNUSED_FUNCTION = YES;
				GCC_WARN_UNUSED_VARIABLE = YES;
				IPHONEOS_DEPLOYMENT_TARGET = 10.2;
				MTL_ENABLE_DEBUG_INFO = YES;
				ONLY_ACTIVE_ARCH = YES;
				SDKROOT = iphoneos;
				SWIFT_ACTIVE_COMPILATION_CONDITIONS = DEBUG;
				SWIFT_OPTIMIZATION_LEVEL = "-Onone";
			};
			name = Debug;
		};
		B669A9A91E66915800F7CD39 /* Release */ = {
			isa = XCBuildConfiguration;
			buildSettings = {
				ALWAYS_SEARCH_USER_PATHS = NO;
				CLANG_ANALYZER_NONNULL = YES;
				CLANG_CXX_LANGUAGE_STANDARD = "gnu++0x";
				CLANG_CXX_LIBRARY = "libc++";
				CLANG_ENABLE_MODULES = YES;
				CLANG_ENABLE_OBJC_ARC = YES;
				CLANG_WARN_BOOL_CONVERSION = YES;
				CLANG_WARN_CONSTANT_CONVERSION = YES;
				CLANG_WARN_DIRECT_OBJC_ISA_USAGE = YES_ERROR;
				CLANG_WARN_DOCUMENTATION_COMMENTS = YES;
				CLANG_WARN_EMPTY_BODY = YES;
				CLANG_WARN_ENUM_CONVERSION = YES;
				CLANG_WARN_INFINITE_RECURSION = YES;
				CLANG_WARN_INT_CONVERSION = YES;
				CLANG_WARN_OBJC_ROOT_CLASS = YES_ERROR;
				CLANG_WARN_SUSPICIOUS_MOVE = YES;
				CLANG_WARN_UNREACHABLE_CODE = YES;
				CLANG_WARN__DUPLICATE_METHOD_MATCH = YES;
				"CODE_SIGN_IDENTITY[sdk=iphoneos*]" = "iPhone Developer";
				COPY_PHASE_STRIP = NO;
				DEBUG_INFORMATION_FORMAT = "dwarf-with-dsym";
				ENABLE_NS_ASSERTIONS = NO;
				ENABLE_STRICT_OBJC_MSGSEND = YES;
				GCC_C_LANGUAGE_STANDARD = gnu99;
				GCC_NO_COMMON_BLOCKS = YES;
				GCC_WARN_64_TO_32_BIT_CONVERSION = YES;
				GCC_WARN_ABOUT_RETURN_TYPE = YES_ERROR;
				GCC_WARN_UNDECLARED_SELECTOR = YES;
				GCC_WARN_UNINITIALIZED_AUTOS = YES_AGGRESSIVE;
				GCC_WARN_UNUSED_FUNCTION = YES;
				GCC_WARN_UNUSED_VARIABLE = YES;
				IPHONEOS_DEPLOYMENT_TARGET = 10.2;
				MTL_ENABLE_DEBUG_INFO = NO;
				SDKROOT = iphoneos;
				SWIFT_OPTIMIZATION_LEVEL = "-Owholemodule";
				VALIDATE_PRODUCT = YES;
			};
			name = Release;
		};
		B669A9AB1E66915800F7CD39 /* Debug */ = {
			isa = XCBuildConfiguration;
			buildSettings = {
				ASSETCATALOG_COMPILER_APPICON_NAME = AppIcon;
				DEVELOPMENT_TEAM = 6Z935EUAZT;
				INFOPLIST_FILE = TipCal/Info.plist;
				LD_RUNPATH_SEARCH_PATHS = "$(inherited) @executable_path/Frameworks";
				PRODUCT_BUNDLE_IDENTIFIER = us.sagn.TipCal;
				PRODUCT_NAME = "$(TARGET_NAME)";
				SWIFT_VERSION = 3.0;
			};
			name = Debug;
		};
		B669A9AC1E66915800F7CD39 /* Release */ = {
			isa = XCBuildConfiguration;
			buildSettings = {
				ASSETCATALOG_COMPILER_APPICON_NAME = AppIcon;
				DEVELOPMENT_TEAM = 6Z935EUAZT;
				INFOPLIST_FILE = TipCal/Info.plist;
				LD_RUNPATH_SEARCH_PATHS = "$(inherited) @executable_path/Frameworks";
				PRODUCT_BUNDLE_IDENTIFIER = us.sagn.TipCal;
				PRODUCT_NAME = "$(TARGET_NAME)";
				SWIFT_VERSION = 3.0;
			};
			name = Release;
		};
		B669A9AE1E66915800F7CD39 /* Debug */ = {
			isa = XCBuildConfiguration;
			buildSettings = {
				ALWAYS_EMBED_SWIFT_STANDARD_LIBRARIES = YES;
				BUNDLE_LOADER = "$(TEST_HOST)";
				DEVELOPMENT_TEAM = 6Z935EUAZT;
				INFOPLIST_FILE = TipCalTests/Info.plist;
				LD_RUNPATH_SEARCH_PATHS = "$(inherited) @executable_path/Frameworks @loader_path/Frameworks";
				PRODUCT_BUNDLE_IDENTIFIER = us.sagn.TipCalTests;
				PRODUCT_NAME = "$(TARGET_NAME)";
				SWIFT_VERSION = 3.0;
				TEST_HOST = "$(BUILT_PRODUCTS_DIR)/TipCal.app/TipCal";
			};
			name = Debug;
		};
		B669A9AF1E66915800F7CD39 /* Release */ = {
			isa = XCBuildConfiguration;
			buildSettings = {
				ALWAYS_EMBED_SWIFT_STANDARD_LIBRARIES = YES;
				BUNDLE_LOADER = "$(TEST_HOST)";
				DEVELOPMENT_TEAM = 6Z935EUAZT;
				INFOPLIST_FILE = TipCalTests/Info.plist;
				LD_RUNPATH_SEARCH_PATHS = "$(inherited) @executable_path/Frameworks @loader_path/Frameworks";
				PRODUCT_BUNDLE_IDENTIFIER = us.sagn.TipCalTests;
				PRODUCT_NAME = "$(TARGET_NAME)";
				SWIFT_VERSION = 3.0;
				TEST_HOST = "$(BUILT_PRODUCTS_DIR)/TipCal.app/TipCal";
			};
			name = Release;
		};
		B669A9B11E66915800F7CD39 /* Debug */ = {
			isa = XCBuildConfiguration;
			buildSettings = {
				ALWAYS_EMBED_SWIFT_STANDARD_LIBRARIES = YES;
				DEVELOPMENT_TEAM = 6Z935EUAZT;
				INFOPLIST_FILE = TipCalUITests/Info.plist;
				LD_RUNPATH_SEARCH_PATHS = "$(inherited) @executable_path/Frameworks @loader_path/Frameworks";
				PRODUCT_BUNDLE_IDENTIFIER = us.sagn.TipCalUITests;
				PRODUCT_NAME = "$(TARGET_NAME)";
				SWIFT_VERSION = 3.0;
				TEST_TARGET_NAME = TipCal;
			};
			name = Debug;
		};
		B669A9B21E66915800F7CD39 /* Release */ = {
			isa = XCBuildConfiguration;
			buildSettings = {
				ALWAYS_EMBED_SWIFT_STANDARD_LIBRARIES = YES;
				DEVELOPMENT_TEAM = 6Z935EUAZT;
				INFOPLIST_FILE = TipCalUITests/Info.plist;
				LD_RUNPATH_SEARCH_PATHS = "$(inherited) @executable_path/Frameworks @loader_path/Frameworks";
				PRODUCT_BUNDLE_IDENTIFIER = us.sagn.TipCalUITests;
				PRODUCT_NAME = "$(TARGET_NAME)";
				SWIFT_VERSION = 3.0;
				TEST_TARGET_NAME = TipCal;
			};
			name = Release;
		};
/* End XCBuildConfiguration section */

/* Begin XCConfigurationList section */
		B669A97D1E66915700F7CD39 /* Build configuration list for PBXProject "TipCal" */ = {
			isa = XCConfigurationList;
			buildConfigurations = (
				B669A9A81E66915800F7CD39 /* Debug */,
				B669A9A91E66915800F7CD39 /* Release */,
			);
			defaultConfigurationIsVisible = 0;
			defaultConfigurationName = Release;
		};
		B669A9AA1E66915800F7CD39 /* Build configuration list for PBXNativeTarget "TipCal" */ = {
			isa = XCConfigurationList;
			buildConfigurations = (
				B669A9AB1E66915800F7CD39 /* Debug */,
				B669A9AC1E66915800F7CD39 /* Release */,
			);
			defaultConfigurationIsVisible = 0;
		};
		B669A9AD1E66915800F7CD39 /* Build configuration list for PBXNativeTarget "TipCalTests" */ = {
			isa = XCConfigurationList;
			buildConfigurations = (
				B669A9AE1E66915800F7CD39 /* Debug */,
				B669A9AF1E66915800F7CD39 /* Release */,
			);
			defaultConfigurationIsVisible = 0;
		};
		B669A9B01E66915800F7CD39 /* Build configuration list for PBXNativeTarget "TipCalUITests" */ = {
			isa = XCConfigurationList;
			buildConfigurations = (
				B669A9B11E66915800F7CD39 /* Debug */,
				B669A9B21E66915800F7CD39 /* Release */,
			);
			defaultConfigurationIsVisible = 0;
		};
/* End XCConfigurationList section */
	};
	rootObject = B669A97A1E66915700F7CD39 /* Project object */;
}
